
Microsoft Visual Studio Solution File, Format Version 12.00
# Visual Studio Version 17
VisualStudioVersion = 17.8.34330.188
MinimumVisualStudioVersion = 10.0.40219.1
Project("{FAE04EC0-301F-11D3-BF4B-00C04F79EFBC}") = "com.psybergate.assessment.dsnprg001.AluwaniNethavhakone", "com.psybergate.assessment.dsnprg001.AluwaniNethavhakone.csproj", "{FF3FDBDD-3BF1-4168-A28D-5F5F4E8E7CA3}"
EndProject
Project("{FAE04EC0-301F-11D3-BF4B-00C04F79EFBC}") = "com.psybergate.assessment.dsnprg001.AluwaniNethavhakone.Tests", "..\com.psybergate.assessment.dsnprg001.AluwaniNethavhakone.Tests\com.psybergate.assessment.dsnprg001.AluwaniNethavhakone.Tests.csproj", "{6045383E-D332-462C-B6FA-C24EAABD590F}"
EndProject
Global
	GlobalSection(SolutionConfigurationPlatforms) = preSolution
		Debug|Any CPU = Debug|Any CPU
		Release|Any CPU = Release|Any CPU
	EndGlobalSection
	GlobalSection(ProjectConfigurationPlatforms) = postSolution
		{FF3FDBDD-3BF1-4168-A28D-5F5F4E8E7CA3}.Debug|Any CPU.ActiveCfg = Debug|Any CPU
		{FF3FDBDD-3BF1-4168-A28D-5F5F4E8E7CA3}.Debug|Any CPU.Build.0 = Debug|Any CPU
		{FF3FDBDD-3BF1-4168-A28D-5F5F4E8E7CA3}.Release|Any CPU.ActiveCfg = Release|Any CPU
		{FF3FDBDD-3BF1-4168-A28D-5F5F4E8E7CA3}.Release|Any CPU.Build.0 = Release|Any CPU
		{6045383E-D332-462C-B6FA-C24EAABD590F}.Debug|Any CPU.ActiveCfg = Debug|Any CPU
		{6045383E-D332-462C-B6FA-C24EAABD590F}.Debug|Any CPU.Build.0 = Debug|Any CPU
		{6045383E-D332-462C-B6FA-C24EAABD590F}.Release|Any CPU.ActiveCfg = Release|Any CPU
		{6045383E-D332-462C-B6FA-C24EAABD590F}.Release|Any CPU.Build.0 = Release|Any CPU
	EndGlobalSection
	GlobalSection(SolutionProperties) = preSolution
		HideSolutionNode = FALSE
	EndGlobalSection
	GlobalSection(ExtensibilityGlobals) = postSolution
		SolutionGuid = {6BD7F981-499D-43EA-9B92-01F86F9E5317}
	EndGlobalSection
EndGlobal
